{
  "lib/cofhe-contracts": {
    "tag": {
      "name": "v0.0.13",
      "rev": "d41a6279600cf8c34878d0195488cfcfcee41bdc"
    }
  },
  "lib/forge-std": {
    "tag": {
      "name": "v1.12.0",
      "rev": "7117c90c8cf6c68e5acce4f09a6b24715cea4de6"
    }
  },
  "lib/v4-periphery": {
    "rev": "3779387e5d296f39df543d23524b050f89a62917"
  }
}